// !$*UTF8*$!
{
	archiveVersion = 1;
	classes = {
	};
	objectVersion = 50;
	objects = {

/* Begin PBXBuildFile section */
		15812A022716D6EC00C02537 /* AppDelegate.swift in Sources */ = {isa = PBXBuildFile; fileRef = 15812A012716D6EC00C02537 /* AppDelegate.swift */; };
		15812A042716D6EC00C02537 /* SceneDelegate.swift in Sources */ = {isa = PBXBuildFile; fileRef = 15812A032716D6EC00C02537 /* SceneDelegate.swift */; };
		15812A0B2716D6EF00C02537 /* Assets.xcassets in Resources */ = {isa = PBXBuildFile; fileRef = 15812A0A2716D6EF00C02537 /* Assets.xcassets */; };
		15812A0E2716D6EF00C02537 /* LaunchScreen.storyboard in Resources */ = {isa = PBXBuildFile; fileRef = 15812A0C2716D6EF00C02537 /* LaunchScreen.storyboard */; };
		15812A182716D88400C02537 /* SignInVC.swift in Sources */ = {isa = PBXBuildFile; fileRef = 15812A172716D88400C02537 /* SignInVC.swift */; };
		15812A1A2716DE9100C02537 /* SignBaseVC.swift in Sources */ = {isa = PBXBuildFile; fileRef = 15812A192716DE9100C02537 /* SignBaseVC.swift */; };
		15812A1C2716DED200C02537 /* SignUpVC.swift in Sources */ = {isa = PBXBuildFile; fileRef = 15812A1B2716DED200C02537 /* SignUpVC.swift */; };
		15812A1F271704DA00C02537 /* SignTextField.swift in Sources */ = {isa = PBXBuildFile; fileRef = 15812A1E271704DA00C02537 /* SignTextField.swift */; };
		15812A21271723E100C02537 /* WelcomeVC.swift in Sources */ = {isa = PBXBuildFile; fileRef = 15812A20271723E100C02537 /* WelcomeVC.swift */; };
		15812A232717284000C02537 /* SignButton.swift in Sources */ = {isa = PBXBuildFile; fileRef = 15812A222717284000C02537 /* SignButton.swift */; };
/* End PBXBuildFile section */

/* Begin PBXFileReference section */
		158129FE2716D6EC00C02537 /* Youtube-Clone-Codebase.app */ = {isa = PBXFileReference; explicitFileType = wrapper.application; includeInIndex = 0; path = "Youtube-Clone-Codebase.app"; sourceTree = BUILT_PRODUCTS_DIR; };
		15812A012716D6EC00C02537 /* AppDelegate.swift */ = {isa = PBXFileReference; lastKnownFileType = sourcecode.swift; path = AppDelegate.swift; sourceTree = "<group>"; };
		15812A032716D6EC00C02537 /* SceneDelegate.swift */ = {isa = PBXFileReference; lastKnownFileType = sourcecode.swift; path = SceneDelegate.swift; sourceTree = "<group>"; };
		15812A0A2716D6EF00C02537 /* Assets.xcassets */ = {isa = PBXFileReference; lastKnownFileType = folder.assetcatalog; path = Assets.xcassets; sourceTree = "<group>"; };
		15812A0D2716D6EF00C02537 /* Base */ = {isa = PBXFileReference; lastKnownFileType = file.storyboard; name = Base; path = Base.lproj/LaunchScreen.storyboard; sourceTree = "<group>"; };
		15812A0F2716D6EF00C02537 /* Info.plist */ = {isa = PBXFileReference; lastKnownFileType = text.plist.xml; path = Info.plist; sourceTree = "<group>"; };
		15812A172716D88400C02537 /* SignInVC.swift */ = {isa = PBXFileReference; lastKnownFileType = sourcecode.swift; path = SignInVC.swift; sourceTree = "<group>"; };
		15812A192716DE9100C02537 /* SignBaseVC.swift */ = {isa = PBXFileReference; lastKnownFileType = sourcecode.swift; path = SignBaseVC.swift; sourceTree = "<group>"; };
		15812A1B2716DED200C02537 /* SignUpVC.swift */ = {isa = PBXFileReference; lastKnownFileType = sourcecode.swift; path = SignUpVC.swift; sourceTree = "<group>"; };
		15812A1E271704DA00C02537 /* SignTextField.swift */ = {isa = PBXFileReference; lastKnownFileType = sourcecode.swift; path = SignTextField.swift; sourceTree = "<group>"; };
		15812A20271723E100C02537 /* WelcomeVC.swift */ = {isa = PBXFileReference; lastKnownFileType = sourcecode.swift; path = WelcomeVC.swift; sourceTree = "<group>"; };
		15812A222717284000C02537 /* SignButton.swift */ = {isa = PBXFileReference; lastKnownFileType = sourcecode.swift; path = SignButton.swift; sourceTree = "<group>"; };
/* End PBXFileReference section */

/* Begin PBXFrameworksBuildPhase section */
		158129FB2716D6EC00C02537 /* Frameworks */ = {
			isa = PBXFrameworksBuildPhase;
			buildActionMask = 2147483647;
			files = (
			);
			runOnlyForDeploymentPostprocessing = 0;
		};
/* End PBXFrameworksBuildPhase section */

/* Begin PBXGroup section */
		158129F52716D6EC00C02537 = {
			isa = PBXGroup;
			children = (
				15812A002716D6EC00C02537 /* Youtube-Clone-Codebase */,
				158129FF2716D6EC00C02537 /* Products */,
			);
			sourceTree = "<group>";
		};
		158129FF2716D6EC00C02537 /* Products */ = {
			isa = PBXGroup;
			children = (
				158129FE2716D6EC00C02537 /* Youtube-Clone-Codebase.app */,
			);
			name = Products;
			sourceTree = "<group>";
		};
		15812A002716D6EC00C02537 /* Youtube-Clone-Codebase */ = {
			isa = PBXGroup;
			children = (
				15812A152716D86300C02537 /* Source */,
				15812A012716D6EC00C02537 /* AppDelegate.swift */,
				15812A032716D6EC00C02537 /* SceneDelegate.swift */,
				15812A0A2716D6EF00C02537 /* Assets.xcassets */,
				15812A0C2716D6EF00C02537 /* LaunchScreen.storyboard */,
				15812A0F2716D6EF00C02537 /* Info.plist */,
			);
			path = "Youtube-Clone-Codebase";
			sourceTree = "<group>";
		};
		15812A152716D86300C02537 /* Source */ = {
			isa = PBXGroup;
			children = (
				15812A1D271704C700C02537 /* Component */,
				15812A162716D86C00C02537 /* ViewController */,
			);
			path = Source;
			sourceTree = "<group>";
		};
		15812A162716D86C00C02537 /* ViewController */ = {
			isa = PBXGroup;
			children = (
				15812A192716DE9100C02537 /* SignBaseVC.swift */,
				15812A172716D88400C02537 /* SignInVC.swift */,
				15812A1B2716DED200C02537 /* SignUpVC.swift */,
				15812A20271723E100C02537 /* WelcomeVC.swift */,
			);
			path = ViewController;
			sourceTree = "<group>";
		};
		15812A1D271704C700C02537 /* Component */ = {
			isa = PBXGroup;
			children = (
				15812A1E271704DA00C02537 /* SignTextField.swift */,
				15812A222717284000C02537 /* SignButton.swift */,
			);
			path = Component;
			sourceTree = "<group>";
		};
/* End PBXGroup section */

/* Begin PBXNativeTarget section */
		158129FD2716D6EC00C02537 /* Youtube-Clone-Codebase */ = {
			isa = PBXNativeTarget;
			buildConfigurationList = 15812A122716D6EF00C02537 /* Build configuration list for PBXNativeTarget "Youtube-Clone-Codebase" */;
			buildPhases = (
				158129FA2716D6EC00C02537 /* Sources */,
				158129FB2716D6EC00C02537 /* Frameworks */,
				158129FC2716D6EC00C02537 /* Resources */,
			);
			buildRules = (
			);
			dependencies = (
			);
			name = "Youtube-Clone-Codebase";
			productName = "Youtube-Clone-Codebase";
			productReference = 158129FE2716D6EC00C02537 /* Youtube-Clone-Codebase.app */;
			productType = "com.apple.product-type.application";
		};
/* End PBXNativeTarget section */

/* Begin PBXProject section */
		158129F62716D6EC00C02537 /* Project object */ = {
			isa = PBXProject;
			attributes = {
				LastSwiftUpdateCheck = 1250;
				LastUpgradeCheck = 1250;
				TargetAttributes = {
					158129FD2716D6EC00C02537 = {
						CreatedOnToolsVersion = 12.5;
					};
				};
			};
			buildConfigurationList = 158129F92716D6EC00C02537 /* Build configuration list for PBXProject "Youtube-Clone-Codebase" */;
			compatibilityVersion = "Xcode 9.3";
			developmentRegion = en;
			hasScannedForEncodings = 0;
			knownRegions = (
				en,
				Base,
			);
			mainGroup = 158129F52716D6EC00C02537;
			productRefGroup = 158129FF2716D6EC00C02537 /* Products */;
			projectDirPath = "";
			projectRoot = "";
			targets = (
				158129FD2716D6EC00C02537 /* Youtube-Clone-Codebase */,
			);
		};
/* End PBXProject section */

/* Begin PBXResourcesBuildPhase section */
		158129FC2716D6EC00C02537 /* Resources */ = {
			isa = PBXResourcesBuildPhase;
			buildActionMask = 2147483647;
			files = (
				15812A0E2716D6EF00C02537 /* LaunchScreen.storyboard in Resources */,
				15812A0B2716D6EF00C02537 /* Assets.xcassets in Resources */,
			);
			runOnlyForDeploymentPostprocessing = 0;
		};
/* End PBXResourcesBuildPhase section */

/* Begin PBXSourcesBuildPhase section */
		158129FA2716D6EC00C02537 /* Sources */ = {
			isa = PBXSourcesBuildPhase;
			buildActionMask = 2147483647;
			files = (
				15812A1F271704DA00C02537 /* SignTextField.swift in Sources */,
				15812A1A2716DE9100C02537 /* SignBaseVC.swift in Sources */,
				15812A022716D6EC00C02537 /* AppDelegate.swift in Sources */,
				15812A182716D88400C02537 /* SignInVC.swift in Sources */,
				15812A1C2716DED200C02537 /* SignUpVC.swift in Sources */,
				15812A042716D6EC00C02537 /* SceneDelegate.swift in Sources */,
				15812A21271723E100C02537 /* WelcomeVC.swift in Sources */,
				15812A232717284000C02537 /* SignButton.swift in Sources */,
			);
			runOnlyForDeploymentPostprocessing = 0;
		};
/* End PBXSourcesBuildPhase section */

/* Begin PBXVariantGroup section */
		15812A0C2716D6EF00C02537 /* LaunchScreen.storyboard */ = {
			isa = PBXVariantGroup;
			children = (
				15812A0D2716D6EF00C02537 /* Base */,
			);
			name = LaunchScreen.storyboard;
			sourceTree = "<group>";
		};
/* End PBXVariantGroup section */

/* Begin XCBuildConfiguration section */
		15812A102716D6EF00C02537 /* Debug */ = {
			isa = XCBuildConfiguration;
			buildSettings = {
				ALWAYS_SEARCH_USER_PATHS = NO;
				CLANG_ANALYZER_NONNULL = YES;
				CLANG_ANALYZER_NUMBER_OBJECT_CONVERSION = YES_AGGRESSIVE;
				CLANG_CXX_LANGUAGE_STANDARD = "gnu++14";
				CLANG_CXX_LIBRARY = "libc++";
				CLANG_ENABLE_MODULES = YES;
				CLANG_ENABLE_OBJC_ARC = YES;
				CLANG_ENABLE_OBJC_WEAK = YES;
				CLANG_WARN_BLOCK_CAPTURE_AUTORELEASING = YES;
				CLANG_WARN_BOOL_CONVERSION = YES;
				CLANG_WARN_COMMA = YES;
				CLANG_WARN_CONSTANT_CONVERSION = YES;
				CLANG_WARN_DEPRECATED_OBJC_IMPLEMENTATIONS = YES;
				CLANG_WARN_DIRECT_OBJC_ISA_USAGE = YES_ERROR;
				CLANG_WARN_DOCUMENTATION_COMMENTS = YES;
				CLANG_WARN_EMPTY_BODY = YES;
				CLANG_WARN_ENUM_CONVERSION = YES;
				CLANG_WARN_INFINITE_RECURSION = YES;
				CLANG_WARN_INT_CONVERSION = YES;
				CLANG_WARN_NON_LITERAL_NULL_CONVERSION = YES;
				CLANG_WARN_OBJC_IMPLICIT_RETAIN_SELF = YES;
				CLANG_WARN_OBJC_LITERAL_CONVERSION = YES;
				CLANG_WARN_OBJC_ROOT_CLASS = YES_ERROR;
				CLANG_WARN_QUOTED_INCLUDE_IN_FRAMEWORK_HEADER = YES;
				CLANG_WARN_RANGE_LOOP_ANALYSIS = YES;
				CLANG_WARN_STRICT_PROTOTYPES = YES;
				CLANG_WARN_SUSPICIOUS_MOVE = YES;
				CLANG_WARN_UNGUARDED_AVAILABILITY = YES_AGGRESSIVE;
				CLANG_WARN_UNREACHABLE_CODE = YES;
				CLANG_WARN__DUPLICATE_METHOD_MATCH = YES;
				COPY_PHASE_STRIP = NO;
				DEBUG_INFORMATION_FORMAT = dwarf;
				ENABLE_STRICT_OBJC_MSGSEND = YES;
				ENABLE_TESTABILITY = YES;
				GCC_C_LANGUAGE_STANDARD = gnu11;
				GCC_DYNAMIC_NO_PIC = NO;
				GCC_NO_COMMON_BLOCKS = YES;
				GCC_OPTIMIZATION_LEVEL = 0;
				GCC_PREPROCESSOR_DEFINITIONS = (
					"DEBUG=1",
					"$(inherited)",
				);
				GCC_WARN_64_TO_32_BIT_CONVERSION = YES;
				GCC_WARN_ABOUT_RETURN_TYPE = YES_ERROR;
				GCC_WARN_UNDECLARED_SELECTOR = YES;
				GCC_WARN_UNINITIALIZED_AUTOS = YES_AGGRESSIVE;
				GCC_WARN_UNUSED_FUNCTION = YES;
				GCC_WARN_UNUSED_VARIABLE = YES;
				IPHONEOS_DEPLOYMENT_TARGET = 14.5;
				MTL_ENABLE_DEBUG_INFO = INCLUDE_SOURCE;
				MTL_FAST_MATH = YES;
				ONLY_ACTIVE_ARCH = YES;
				SDKROOT = iphoneos;
				SWIFT_ACTIVE_COMPILATION_CONDITIONS = DEBUG;
				SWIFT_OPTIMIZATION_LEVEL = "-Onone";
			};
			name = Debug;
		};
		15812A112716D6EF00C02537 /* Release */ = {
			isa = XCBuildConfiguration;
			buildSettings = {
				ALWAYS_SEARCH_USER_PATHS = NO;
				CLANG_ANALYZER_NONNULL = YES;
				CLANG_ANALYZER_NUMBER_OBJECT_CONVERSION = YES_AGGRESSIVE;
				CLANG_CXX_LANGUAGE_STANDARD = "gnu++14";
				CLANG_CXX_LIBRARY = "libc++";
				CLANG_ENABLE_MODULES = YES;
				CLANG_ENABLE_OBJC_ARC = YES;
				CLANG_ENABLE_OBJC_WEAK = YES;
				CLANG_WARN_BLOCK_CAPTURE_AUTORELEASING = YES;
				CLANG_WARN_BOOL_CONVERSION = YES;
				CLANG_WARN_COMMA = YES;
				CLANG_WARN_CONSTANT_CONVERSION = YES;
				CLANG_WARN_DEPRECATED_OBJC_IMPLEMENTATIONS = YES;
				CLANG_WARN_DIRECT_OBJC_ISA_USAGE = YES_ERROR;
				CLANG_WARN_DOCUMENTATION_COMMENTS = YES;
				CLANG_WARN_EMPTY_BODY = YES;
				CLANG_WARN_ENUM_CONVERSION = YES;
				CLANG_WARN_INFINITE_RECURSION = YES;
				CLANG_WARN_INT_CONVERSION = YES;
				CLANG_WARN_NON_LITERAL_NULL_CONVERSION = YES;
				CLANG_WARN_OBJC_IMPLICIT_RETAIN_SELF = YES;
				CLANG_WARN_OBJC_LITERAL_CONVERSION = YES;
				CLANG_WARN_OBJC_ROOT_CLASS = YES_ERROR;
				CLANG_WARN_QUOTED_INCLUDE_IN_FRAMEWORK_HEADER = YES;
				CLANG_WARN_RANGE_LOOP_ANALYSIS = YES;
				CLANG_WARN_STRICT_PROTOTYPES = YES;
				CLANG_WARN_SUSPICIOUS_MOVE = YES;
				CLANG_WARN_UNGUARDED_AVAILABILITY = YES_AGGRESSIVE;
				CLANG_WARN_UNREACHABLE_CODE = YES;
				CLANG_WARN__DUPLICATE_METHOD_MATCH = YES;
				COPY_PHASE_STRIP = NO;
				DEBUG_INFORMATION_FORMAT = "dwarf-with-dsym";
				ENABLE_NS_ASSERTIONS = NO;
				ENABLE_STRICT_OBJC_MSGSEND = YES;
				GCC_C_LANGUAGE_STANDARD = gnu11;
				GCC_NO_COMMON_BLOCKS = YES;
				GCC_WARN_64_TO_32_BIT_CONVERSION = YES;
				GCC_WARN_ABOUT_RETURN_TYPE = YES_ERROR;
				GCC_WARN_UNDECLARED_SELECTOR = YES;
				GCC_WARN_UNINITIALIZED_AUTOS = YES_AGGRESSIVE;
				GCC_WARN_UNUSED_FUNCTION = YES;
				GCC_WARN_UNUSED_VARIABLE = YES;
				IPHONEOS_DEPLOYMENT_TARGET = 14.5;
				MTL_ENABLE_DEBUG_INFO = NO;
				MTL_FAST_MATH = YES;
				SDKROOT = iphoneos;
				SWIFT_COMPILATION_MODE = wholemodule;
				SWIFT_OPTIMIZATION_LEVEL = "-O";
				VALIDATE_PRODUCT = YES;
			};
			name = Release;
		};
		15812A132716D6EF00C02537 /* Debug */ = {
			isa = XCBuildConfiguration;
			buildSettings = {
				ASSETCATALOG_COMPILER_APPICON_NAME = AppIcon;
				ASSETCATALOG_COMPILER_GLOBAL_ACCENT_COLOR_NAME = AccentColor;
				CODE_SIGN_STYLE = Automatic;
				INFOPLIST_FILE = "Youtube-Clone-Codebase/Info.plist";
				LD_RUNPATH_SEARCH_PATHS = (
					"$(inherited)",
					"@executable_path/Frameworks",
				);
				PRODUCT_BUNDLE_IDENTIFIER = "kimhyesu.Youtube-Clone-Codebase";
				PRODUCT_NAME = "$(TARGET_NAME)";
				SWIFT_VERSION = 5.0;
				TARGETED_DEVICE_FAMILY = "1,2";
			};
			name = Debug;
		};
		15812A142716D6EF00C02537 /* Release */ = {
			isa = XCBuildConfiguration;
			buildSettings = {
				ASSETCATALOG_COMPILER_APPICON_NAME = AppIcon;
				ASSETCATALOG_COMPILER_GLOBAL_ACCENT_COLOR_NAME = AccentColor;
				CODE_SIGN_STYLE = Automatic;
				INFOPLIST_FILE = "Youtube-Clone-Codebase/Info.plist";
				LD_RUNPATH_SEARCH_PATHS = (
					"$(inherited)",
					"@executable_path/Frameworks",
				);
				PRODUCT_BUNDLE_IDENTIFIER = "kimhyesu.Youtube-Clone-Codebase";
				PRODUCT_NAME = "$(TARGET_NAME)";
				SWIFT_VERSION = 5.0;
				TARGETED_DEVICE_FAMILY = "1,2";
			};
			name = Release;
		};
/* End XCBuildConfiguration section */

/* Begin XCConfigurationList section */
		158129F92716D6EC00C02537 /* Build configuration list for PBXProject "Youtube-Clone-Codebase" */ = {
			isa = XCConfigurationList;
			buildConfigurations = (
				15812A102716D6EF00C02537 /* Debug */,
				15812A112716D6EF00C02537 /* Release */,
			);
			defaultConfigurationIsVisible = 0;
			defaultConfigurationName = Release;
		};
		15812A122716D6EF00C02537 /* Build configuration list for PBXNativeTarget "Youtube-Clone-Codebase" */ = {
			isa = XCConfigurationList;
			buildConfigurations = (
				15812A132716D6EF00C02537 /* Debug */,
				15812A142716D6EF00C02537 /* Release */,
			);
			defaultConfigurationIsVisible = 0;
			defaultConfigurationName = Release;
		};
/* End XCConfigurationList section */
	};
	rootObject = 158129F62716D6EC00C02537 /* Project object */;
}
